// !$*UTF8*$!
{
	archiveVersion = 1;
	classes = {
	};
	objectVersion = 50;
	objects = {

/* Begin PBXBuildFile section */
		72122D4EC623EA99CFE5ABDB /* libPods-WeatherApp.a in Frameworks */ = {isa = PBXBuildFile; fileRef = 71DC08C5E70C8942C0EA06A4 /* libPods-WeatherApp.a */; };
		C87F7D661E0ACC41DAD9696A /* libPods-WeatherApp-WeatherAppTests.a in Frameworks */ = {isa = PBXBuildFile; fileRef = 70522B4E0D00F5D32C3EAA26 /* libPods-WeatherApp-WeatherAppTests.a */; };
		D9D305DE215E551200DE5FFB /* AppDelegate.swift in Sources */ = {isa = PBXBuildFile; fileRef = D9D305DD215E551200DE5FFB /* AppDelegate.swift */; };
		D9D305E3215E551200DE5FFB /* Main.storyboard in Resources */ = {isa = PBXBuildFile; fileRef = D9D305E1215E551200DE5FFB /* Main.storyboard */; };
		D9D305E5215E551600DE5FFB /* Assets.xcassets in Resources */ = {isa = PBXBuildFile; fileRef = D9D305E4215E551600DE5FFB /* Assets.xcassets */; };
		D9D305E8215E551600DE5FFB /* LaunchScreen.storyboard in Resources */ = {isa = PBXBuildFile; fileRef = D9D305E6215E551600DE5FFB /* LaunchScreen.storyboard */; };
		D9D305F3215E551600DE5FFB /* MainPresenterTests.swift in Sources */ = {isa = PBXBuildFile; fileRef = D9D305F2215E551600DE5FFB /* MainPresenterTests.swift */; };
		D9EBCA9C215F91C00087AF93 /* MainViewController.swift in Sources */ = {isa = PBXBuildFile; fileRef = D9EBCA9B215F91C00087AF93 /* MainViewController.swift */; };
		D9EBCA9F215FD2A40087AF93 /* MainPresenter.swift in Sources */ = {isa = PBXBuildFile; fileRef = D9EBCA9E215FD2A40087AF93 /* MainPresenter.swift */; };
		D9EBCAA2215FD7A00087AF93 /* TableViewDataSource.swift in Sources */ = {isa = PBXBuildFile; fileRef = D9EBCAA1215FD7A00087AF93 /* TableViewDataSource.swift */; };
		D9EBCAA5215FD8F70087AF93 /* UserDefaults.swift in Sources */ = {isa = PBXBuildFile; fileRef = D9EBCAA4215FD8F70087AF93 /* UserDefaults.swift */; };
		D9EBCAA8215FDA410087AF93 /* UserDefaultsTests.swift in Sources */ = {isa = PBXBuildFile; fileRef = D9EBCAA7215FDA410087AF93 /* UserDefaultsTests.swift */; };
		D9EBCAAB215FFD920087AF93 /* OpenWeatherAPI.swift in Sources */ = {isa = PBXBuildFile; fileRef = D9EBCAAA215FFD920087AF93 /* OpenWeatherAPI.swift */; };
		D9EBCAB02160364B0087AF93 /* CityWeather.swift in Sources */ = {isa = PBXBuildFile; fileRef = D9EBCAAF2160364B0087AF93 /* CityWeather.swift */; };
		D9EBCAB22161352C0087AF93 /* CityForecast.swift in Sources */ = {isa = PBXBuildFile; fileRef = D9EBCAB12161352C0087AF93 /* CityForecast.swift */; };
		D9EBCAB421613A260087AF93 /* CityDetailViewController.swift in Sources */ = {isa = PBXBuildFile; fileRef = D9EBCAB321613A260087AF93 /* CityDetailViewController.swift */; };
		D9EBCAB621613A3C0087AF93 /* CityDetailPresenter.swift in Sources */ = {isa = PBXBuildFile; fileRef = D9EBCAB521613A3C0087AF93 /* CityDetailPresenter.swift */; };
		D9F0A3302162275100E17392 /* MainViewControllerExtensions.swift in Sources */ = {isa = PBXBuildFile; fileRef = D9F0A32F2162275100E17392 /* MainViewControllerExtensions.swift */; };
		D9F0A3322162301800E17392 /* TableViewDataSourceExtensions.swift in Sources */ = {isa = PBXBuildFile; fileRef = D9F0A3312162301800E17392 /* TableViewDataSourceExtensions.swift */; };
		D9F0A334216232C700E17392 /* UIImageViewExtensions.swift in Sources */ = {isa = PBXBuildFile; fileRef = D9F0A333216232C700E17392 /* UIImageViewExtensions.swift */; };
		D9F0A33721623E2300E17392 /* DayTableViewCell.swift in Sources */ = {isa = PBXBuildFile; fileRef = D9F0A33621623E2300E17392 /* DayTableViewCell.swift */; };
		D9F0A3392162B03D00E17392 /* CityDetailPresenterTests.swift in Sources */ = {isa = PBXBuildFile; fileRef = D9F0A3382162B03D00E17392 /* CityDetailPresenterTests.swift */; };
		D9F0A33B2162B31A00E17392 /* weatherStub.json in Resources */ = {isa = PBXBuildFile; fileRef = D9F0A33A2162B31A00E17392 /* weatherStub.json */; };
		D9F0A33D2162B3E000E17392 /* forecastStub.json in Resources */ = {isa = PBXBuildFile; fileRef = D9F0A33C2162B3E000E17392 /* forecastStub.json */; };
		D9F0A33F2162BE9300E17392 /* MainPresenterGoogleExtensions.swift in Sources */ = {isa = PBXBuildFile; fileRef = D9F0A33E2162BE9300E17392 /* MainPresenterGoogleExtensions.swift */; };
/* End PBXBuildFile section */

/* Begin PBXContainerItemProxy section */
		D9D305EF215E551600DE5FFB /* PBXContainerItemProxy */ = {
			isa = PBXContainerItemProxy;
			containerPortal = D9D305D2215E551200DE5FFB /* Project object */;
			proxyType = 1;
			remoteGlobalIDString = D9D305D9215E551200DE5FFB;
			remoteInfo = WeatherApp;
		};
/* End PBXContainerItemProxy section */

/* Begin PBXFileReference section */
		2286EFE72B349A156A74DDC1 /* Pods-WeatherApp.debug.xcconfig */ = {isa = PBXFileReference; includeInIndex = 1; lastKnownFileType = text.xcconfig; name = "Pods-WeatherApp.debug.xcconfig"; path = "Pods/Target Support Files/Pods-WeatherApp/Pods-WeatherApp.debug.xcconfig"; sourceTree = "<group>"; };
		48CF7BFA694701A80686B437 /* Pods-WeatherApp-WeatherAppTests.release.xcconfig */ = {isa = PBXFileReference; includeInIndex = 1; lastKnownFileType = text.xcconfig; name = "Pods-WeatherApp-WeatherAppTests.release.xcconfig"; path = "Pods/Target Support Files/Pods-WeatherApp-WeatherAppTests/Pods-WeatherApp-WeatherAppTests.release.xcconfig"; sourceTree = "<group>"; };
		70522B4E0D00F5D32C3EAA26 /* libPods-WeatherApp-WeatherAppTests.a */ = {isa = PBXFileReference; explicitFileType = archive.ar; includeInIndex = 0; path = "libPods-WeatherApp-WeatherAppTests.a"; sourceTree = BUILT_PRODUCTS_DIR; };
		71DC08C5E70C8942C0EA06A4 /* libPods-WeatherApp.a */ = {isa = PBXFileReference; explicitFileType = archive.ar; includeInIndex = 0; path = "libPods-WeatherApp.a"; sourceTree = BUILT_PRODUCTS_DIR; };
		B1D1CC23B613D42B96DE6AD1 /* Pods-WeatherApp-WeatherAppTests.debug.xcconfig */ = {isa = PBXFileReference; includeInIndex = 1; lastKnownFileType = text.xcconfig; name = "Pods-WeatherApp-WeatherAppTests.debug.xcconfig"; path = "Pods/Target Support Files/Pods-WeatherApp-WeatherAppTests/Pods-WeatherApp-WeatherAppTests.debug.xcconfig"; sourceTree = "<group>"; };
		D9D305DA215E551200DE5FFB /* WeatherApp.app */ = {isa = PBXFileReference; explicitFileType = wrapper.application; includeInIndex = 0; path = WeatherApp.app; sourceTree = BUILT_PRODUCTS_DIR; };
		D9D305DD215E551200DE5FFB /* AppDelegate.swift */ = {isa = PBXFileReference; lastKnownFileType = sourcecode.swift; path = AppDelegate.swift; sourceTree = "<group>"; };
		D9D305E2215E551200DE5FFB /* Base */ = {isa = PBXFileReference; lastKnownFileType = file.storyboard; name = Base; path = Base.lproj/Main.storyboard; sourceTree = "<group>"; };
		D9D305E4215E551600DE5FFB /* Assets.xcassets */ = {isa = PBXFileReference; lastKnownFileType = folder.assetcatalog; path = Assets.xcassets; sourceTree = "<group>"; };
		D9D305E7215E551600DE5FFB /* Base */ = {isa = PBXFileReference; lastKnownFileType = file.storyboard; name = Base; path = Base.lproj/LaunchScreen.storyboard; sourceTree = "<group>"; };
		D9D305E9215E551600DE5FFB /* Info.plist */ = {isa = PBXFileReference; lastKnownFileType = text.plist.xml; path = Info.plist; sourceTree = "<group>"; };
		D9D305EE215E551600DE5FFB /* WeatherAppTests.xctest */ = {isa = PBXFileReference; explicitFileType = wrapper.cfbundle; includeInIndex = 0; path = WeatherAppTests.xctest; sourceTree = BUILT_PRODUCTS_DIR; };
		D9D305F2215E551600DE5FFB /* MainPresenterTests.swift */ = {isa = PBXFileReference; lastKnownFileType = sourcecode.swift; path = MainPresenterTests.swift; sourceTree = "<group>"; };
		D9D305F4215E551600DE5FFB /* Info.plist */ = {isa = PBXFileReference; lastKnownFileType = text.plist.xml; path = Info.plist; sourceTree = "<group>"; };
		D9EBCA9B215F91C00087AF93 /* MainViewController.swift */ = {isa = PBXFileReference; lastKnownFileType = sourcecode.swift; path = MainViewController.swift; sourceTree = "<group>"; };
		D9EBCA9E215FD2A40087AF93 /* MainPresenter.swift */ = {isa = PBXFileReference; lastKnownFileType = sourcecode.swift; path = MainPresenter.swift; sourceTree = "<group>"; };
		D9EBCAA1215FD7A00087AF93 /* TableViewDataSource.swift */ = {isa = PBXFileReference; lastKnownFileType = sourcecode.swift; path = TableViewDataSource.swift; sourceTree = "<group>"; };
		D9EBCAA4215FD8F70087AF93 /* UserDefaults.swift */ = {isa = PBXFileReference; lastKnownFileType = sourcecode.swift; path = UserDefaults.swift; sourceTree = "<group>"; };
		D9EBCAA7215FDA410087AF93 /* UserDefaultsTests.swift */ = {isa = PBXFileReference; lastKnownFileType = sourcecode.swift; path = UserDefaultsTests.swift; sourceTree = "<group>"; };
		D9EBCAAA215FFD920087AF93 /* OpenWeatherAPI.swift */ = {isa = PBXFileReference; lastKnownFileType = sourcecode.swift; path = OpenWeatherAPI.swift; sourceTree = "<group>"; };
		D9EBCAAF2160364B0087AF93 /* CityWeather.swift */ = {isa = PBXFileReference; lastKnownFileType = sourcecode.swift; path = CityWeather.swift; sourceTree = "<group>"; };
		D9EBCAB12161352C0087AF93 /* CityForecast.swift */ = {isa = PBXFileReference; lastKnownFileType = sourcecode.swift; path = CityForecast.swift; sourceTree = "<group>"; };
		D9EBCAB321613A260087AF93 /* CityDetailViewController.swift */ = {isa = PBXFileReference; lastKnownFileType = sourcecode.swift; path = CityDetailViewController.swift; sourceTree = "<group>"; };
		D9EBCAB521613A3C0087AF93 /* CityDetailPresenter.swift */ = {isa = PBXFileReference; lastKnownFileType = sourcecode.swift; path = CityDetailPresenter.swift; sourceTree = "<group>"; };
		D9F0A32F2162275100E17392 /* MainViewControllerExtensions.swift */ = {isa = PBXFileReference; lastKnownFileType = sourcecode.swift; path = MainViewControllerExtensions.swift; sourceTree = "<group>"; };
		D9F0A3312162301800E17392 /* TableViewDataSourceExtensions.swift */ = {isa = PBXFileReference; lastKnownFileType = sourcecode.swift; path = TableViewDataSourceExtensions.swift; sourceTree = "<group>"; };
		D9F0A333216232C700E17392 /* UIImageViewExtensions.swift */ = {isa = PBXFileReference; lastKnownFileType = sourcecode.swift; path = UIImageViewExtensions.swift; sourceTree = "<group>"; };
		D9F0A33621623E2300E17392 /* DayTableViewCell.swift */ = {isa = PBXFileReference; lastKnownFileType = sourcecode.swift; path = DayTableViewCell.swift; sourceTree = "<group>"; };
		D9F0A3382162B03D00E17392 /* CityDetailPresenterTests.swift */ = {isa = PBXFileReference; lastKnownFileType = sourcecode.swift; path = CityDetailPresenterTests.swift; sourceTree = "<group>"; };
		D9F0A33A2162B31A00E17392 /* weatherStub.json */ = {isa = PBXFileReference; fileEncoding = 4; lastKnownFileType = text.json; path = weatherStub.json; sourceTree = "<group>"; };
		D9F0A33C2162B3E000E17392 /* forecastStub.json */ = {isa = PBXFileReference; fileEncoding = 4; lastKnownFileType = text.json; path = forecastStub.json; sourceTree = "<group>"; };
		D9F0A33E2162BE9300E17392 /* MainPresenterGoogleExtensions.swift */ = {isa = PBXFileReference; lastKnownFileType = sourcecode.swift; path = MainPresenterGoogleExtensions.swift; sourceTree = "<group>"; };
		F9CD8323DC3D24F1B34F5582 /* Pods-WeatherApp.release.xcconfig */ = {isa = PBXFileReference; includeInIndex = 1; lastKnownFileType = text.xcconfig; name = "Pods-WeatherApp.release.xcconfig"; path = "Pods/Target Support Files/Pods-WeatherApp/Pods-WeatherApp.release.xcconfig"; sourceTree = "<group>"; };
/* End PBXFileReference section */

/* Begin PBXFrameworksBuildPhase section */
		D9D305D7215E551200DE5FFB /* Frameworks */ = {
			isa = PBXFrameworksBuildPhase;
			buildActionMask = 2147483647;
			files = (
				72122D4EC623EA99CFE5ABDB /* libPods-WeatherApp.a in Frameworks */,
			);
			runOnlyForDeploymentPostprocessing = 0;
		};
		D9D305EB215E551600DE5FFB /* Frameworks */ = {
			isa = PBXFrameworksBuildPhase;
			buildActionMask = 2147483647;
			files = (
				C87F7D661E0ACC41DAD9696A /* libPods-WeatherApp-WeatherAppTests.a in Frameworks */,
			);
			runOnlyForDeploymentPostprocessing = 0;
		};
/* End PBXFrameworksBuildPhase section */

/* Begin PBXGroup section */
		671CDCD85D97F84E3A6418DD /* Pods */ = {
			isa = PBXGroup;
			children = (
				2286EFE72B349A156A74DDC1 /* Pods-WeatherApp.debug.xcconfig */,
				F9CD8323DC3D24F1B34F5582 /* Pods-WeatherApp.release.xcconfig */,
				B1D1CC23B613D42B96DE6AD1 /* Pods-WeatherApp-WeatherAppTests.debug.xcconfig */,
				48CF7BFA694701A80686B437 /* Pods-WeatherApp-WeatherAppTests.release.xcconfig */,
			);
			name = Pods;
			sourceTree = "<group>";
		};
		D9D305D1215E551200DE5FFB = {
			isa = PBXGroup;
			children = (
				D9D305DC215E551200DE5FFB /* WeatherApp */,
				D9D305F1215E551600DE5FFB /* WeatherAppTests */,
				D9D305DB215E551200DE5FFB /* Products */,
				671CDCD85D97F84E3A6418DD /* Pods */,
				F49A8495A933B1AB2BE5B63F /* Frameworks */,
			);
			sourceTree = "<group>";
		};
		D9D305DB215E551200DE5FFB /* Products */ = {
			isa = PBXGroup;
			children = (
				D9D305DA215E551200DE5FFB /* WeatherApp.app */,
				D9D305EE215E551600DE5FFB /* WeatherAppTests.xctest */,
			);
			name = Products;
			sourceTree = "<group>";
		};
		D9D305DC215E551200DE5FFB /* WeatherApp */ = {
			isa = PBXGroup;
			children = (
				D9F0A33C2162B3E000E17392 /* forecastStub.json */,
				D9F0A33A2162B31A00E17392 /* weatherStub.json */,
				D9D305E9215E551600DE5FFB /* Info.plist */,
				D9D305DD215E551200DE5FFB /* AppDelegate.swift */,
				D9D305E4215E551600DE5FFB /* Assets.xcassets */,
				D9EBCAA3215FD8EB0087AF93 /* Extensions */,
				D9EBCAAE216036010087AF93 /* Models */,
				D9D305FE215F90AD00DE5FFB /* Scenes */,
				D9EBCAA0215FD7900087AF93 /* Services */,
				D9D305FD215ED9B900DE5FFB /* Storyboards */,
				D9F0A33521623DC600E17392 /* Views */,
			);
			path = WeatherApp;
			sourceTree = "<group>";
		};
		D9D305F1215E551600DE5FFB /* WeatherAppTests */ = {
			isa = PBXGroup;
			children = (
				D9D305F4215E551600DE5FFB /* Info.plist */,
				D9D305F2215E551600DE5FFB /* MainPresenterTests.swift */,
				D9EBCAA7215FDA410087AF93 /* UserDefaultsTests.swift */,
				D9F0A3382162B03D00E17392 /* CityDetailPresenterTests.swift */,
			);
			path = WeatherAppTests;
			sourceTree = "<group>";
		};
		D9D305FD215ED9B900DE5FFB /* Storyboards */ = {
			isa = PBXGroup;
			children = (
				D9D305E1215E551200DE5FFB /* Main.storyboard */,
				D9D305E6215E551600DE5FFB /* LaunchScreen.storyboard */,
			);
			path = Storyboards;
			sourceTree = "<group>";
		};
		D9D305FE215F90AD00DE5FFB /* Scenes */ = {
			isa = PBXGroup;
			children = (
				D9EBCAB521613A3C0087AF93 /* CityDetailPresenter.swift */,
				D9EBCAB321613A260087AF93 /* CityDetailViewController.swift */,
				D9EBCA9E215FD2A40087AF93 /* MainPresenter.swift */,
				D9EBCA9B215F91C00087AF93 /* MainViewController.swift */,
			);
			path = Scenes;
			sourceTree = "<group>";
		};
		D9EBCAA0215FD7900087AF93 /* Services */ = {
			isa = PBXGroup;
			children = (
				D9EBCAAA215FFD920087AF93 /* OpenWeatherAPI.swift */,
				D9EBCAA1215FD7A00087AF93 /* TableViewDataSource.swift */,
			);
			path = Services;
			sourceTree = "<group>";
		};
		D9EBCAA3215FD8EB0087AF93 /* Extensions */ = {
			isa = PBXGroup;
			children = (
				D9F0A32F2162275100E17392 /* MainViewControllerExtensions.swift */,
				D9F0A3312162301800E17392 /* TableViewDataSourceExtensions.swift */,
				D9F0A333216232C700E17392 /* UIImageViewExtensions.swift */,
				D9EBCAA4215FD8F70087AF93 /* UserDefaults.swift */,
				D9F0A33E2162BE9300E17392 /* MainPresenterGoogleExtensions.swift */,
			);
			path = Extensions;
			sourceTree = "<group>";
		};
		D9EBCAAE216036010087AF93 /* Models */ = {
			isa = PBXGroup;
			children = (
				D9EBCAB12161352C0087AF93 /* CityForecast.swift */,
				D9EBCAAF2160364B0087AF93 /* CityWeather.swift */,
			);
			path = Models;
			sourceTree = "<group>";
		};
		D9F0A33521623DC600E17392 /* Views */ = {
			isa = PBXGroup;
			children = (
				D9F0A33621623E2300E17392 /* DayTableViewCell.swift */,
			);
			path = Views;
			sourceTree = "<group>";
		};
		F49A8495A933B1AB2BE5B63F /* Frameworks */ = {
			isa = PBXGroup;
			children = (
				71DC08C5E70C8942C0EA06A4 /* libPods-WeatherApp.a */,
				70522B4E0D00F5D32C3EAA26 /* libPods-WeatherApp-WeatherAppTests.a */,
			);
			name = Frameworks;
			sourceTree = "<group>";
		};
/* End PBXGroup section */

/* Begin PBXNativeTarget section */
		D9D305D9215E551200DE5FFB /* WeatherApp */ = {
			isa = PBXNativeTarget;
			buildConfigurationList = D9D305F7215E551600DE5FFB /* Build configuration list for PBXNativeTarget "WeatherApp" */;
			buildPhases = (
				C29AEF1A36E9EDA927E64487 /* [CP] Check Pods Manifest.lock */,
				D9D305D6215E551200DE5FFB /* Sources */,
				D9D305D7215E551200DE5FFB /* Frameworks */,
				D9D305D8215E551200DE5FFB /* Resources */,
				0D56F114ED8FD16237681447 /* [CP] Copy Pods Resources */,
				D9EBCAA9215FE0AC0087AF93 /* SwiftLint */,
			);
			buildRules = (
			);
			dependencies = (
			);
			name = WeatherApp;
			productName = WeatherApp;
			productReference = D9D305DA215E551200DE5FFB /* WeatherApp.app */;
			productType = "com.apple.product-type.application";
		};
		D9D305ED215E551600DE5FFB /* WeatherAppTests */ = {
			isa = PBXNativeTarget;
			buildConfigurationList = D9D305FA215E551600DE5FFB /* Build configuration list for PBXNativeTarget "WeatherAppTests" */;
			buildPhases = (
				C10B3EFF27872D8C3FCE59EE /* [CP] Check Pods Manifest.lock */,
				D9D305EA215E551600DE5FFB /* Sources */,
				D9D305EB215E551600DE5FFB /* Frameworks */,
				D9D305EC215E551600DE5FFB /* Resources */,
				F9337844523C58438AADB144 /* [CP] Copy Pods Resources */,
			);
			buildRules = (
			);
			dependencies = (
				D9D305F0215E551600DE5FFB /* PBXTargetDependency */,
			);
			name = WeatherAppTests;
			productName = WeatherAppTests;
			productReference = D9D305EE215E551600DE5FFB /* WeatherAppTests.xctest */;
			productType = "com.apple.product-type.bundle.unit-test";
		};
/* End PBXNativeTarget section */

/* Begin PBXProject section */
		D9D305D2215E551200DE5FFB /* Project object */ = {
			isa = PBXProject;
			attributes = {
				LastSwiftUpdateCheck = 1000;
				LastUpgradeCheck = 1000;
				ORGANIZATIONNAME = "Alessio Roberto";
				TargetAttributes = {
					D9D305D9215E551200DE5FFB = {
						CreatedOnToolsVersion = 10.0;
					};
					D9D305ED215E551600DE5FFB = {
						CreatedOnToolsVersion = 10.0;
						TestTargetID = D9D305D9215E551200DE5FFB;
					};
				};
			};
			buildConfigurationList = D9D305D5215E551200DE5FFB /* Build configuration list for PBXProject "WeatherApp" */;
			compatibilityVersion = "Xcode 9.3";
			developmentRegion = en;
			hasScannedForEncodings = 0;
			knownRegions = (
				en,
				Base,
			);
			mainGroup = D9D305D1215E551200DE5FFB;
			productRefGroup = D9D305DB215E551200DE5FFB /* Products */;
			projectDirPath = "";
			projectRoot = "";
			targets = (
				D9D305D9215E551200DE5FFB /* WeatherApp */,
				D9D305ED215E551600DE5FFB /* WeatherAppTests */,
			);
		};
/* End PBXProject section */

/* Begin PBXResourcesBuildPhase section */
		D9D305D8215E551200DE5FFB /* Resources */ = {
			isa = PBXResourcesBuildPhase;
			buildActionMask = 2147483647;
			files = (
				D9F0A33D2162B3E000E17392 /* forecastStub.json in Resources */,
				D9D305E8215E551600DE5FFB /* LaunchScreen.storyboard in Resources */,
				D9D305E5215E551600DE5FFB /* Assets.xcassets in Resources */,
				D9F0A33B2162B31A00E17392 /* weatherStub.json in Resources */,
				D9D305E3215E551200DE5FFB /* Main.storyboard in Resources */,
			);
			runOnlyForDeploymentPostprocessing = 0;
		};
		D9D305EC215E551600DE5FFB /* Resources */ = {
			isa = PBXResourcesBuildPhase;
			buildActionMask = 2147483647;
			files = (
			);
			runOnlyForDeploymentPostprocessing = 0;
		};
/* End PBXResourcesBuildPhase section */

/* Begin PBXShellScriptBuildPhase section */
		0D56F114ED8FD16237681447 /* [CP] Copy Pods Resources */ = {
			isa = PBXShellScriptBuildPhase;
			buildActionMask = 2147483647;
			files = (
			);
			inputFileListPaths = (
			);
			inputPaths = (
				"${SRCROOT}/Pods/Target Support Files/Pods-WeatherApp/Pods-WeatherApp-resources.sh",
				"${PODS_ROOT}/GooglePlaces/Frameworks/GooglePlaces.framework/Resources/GooglePlaces.bundle",
			);
			name = "[CP] Copy Pods Resources";
			outputFileListPaths = (
			);
			outputPaths = (
				"${TARGET_BUILD_DIR}/${UNLOCALIZED_RESOURCES_FOLDER_PATH}/GooglePlaces.bundle",
			);
			runOnlyForDeploymentPostprocessing = 0;
			shellPath = /bin/sh;
			shellScript = "\"${SRCROOT}/Pods/Target Support Files/Pods-WeatherApp/Pods-WeatherApp-resources.sh\"\n";
			showEnvVarsInLog = 0;
		};
		C10B3EFF27872D8C3FCE59EE /* [CP] Check Pods Manifest.lock */ = {
			isa = PBXShellScriptBuildPhase;
			buildActionMask = 2147483647;
			files = (
			);
			inputFileListPaths = (
			);
			inputPaths = (
				"${PODS_PODFILE_DIR_PATH}/Podfile.lock",
				"${PODS_ROOT}/Manifest.lock",
			);
			name = "[CP] Check Pods Manifest.lock";
			outputFileListPaths = (
			);
			outputPaths = (
				"$(DERIVED_FILE_DIR)/Pods-WeatherApp-WeatherAppTests-checkManifestLockResult.txt",
			);
			runOnlyForDeploymentPostprocessing = 0;
			shellPath = /bin/sh;
			shellScript = "diff \"${PODS_PODFILE_DIR_PATH}/Podfile.lock\" \"${PODS_ROOT}/Manifest.lock\" > /dev/null\nif [ $? != 0 ] ; then\n    # print error to STDERR\n    echo \"error: The sandbox is not in sync with the Podfile.lock. Run 'pod install' or update your CocoaPods installation.\" >&2\n    exit 1\nfi\n# This output is used by Xcode 'outputs' to avoid re-running this script phase.\necho \"SUCCESS\" > \"${SCRIPT_OUTPUT_FILE_0}\"\n";
			showEnvVarsInLog = 0;
		};
		C29AEF1A36E9EDA927E64487 /* [CP] Check Pods Manifest.lock */ = {
			isa = PBXShellScriptBuildPhase;
			buildActionMask = 2147483647;
			files = (
			);
			inputFileListPaths = (
			);
			inputPaths = (
				"${PODS_PODFILE_DIR_PATH}/Podfile.lock",
				"${PODS_ROOT}/Manifest.lock",
			);
			name = "[CP] Check Pods Manifest.lock";
			outputFileListPaths = (
			);
			outputPaths = (
				"$(DERIVED_FILE_DIR)/Pods-WeatherApp-checkManifestLockResult.txt",
			);
			runOnlyForDeploymentPostprocessing = 0;
			shellPath = /bin/sh;
			shellScript = "diff \"${PODS_PODFILE_DIR_PATH}/Podfile.lock\" \"${PODS_ROOT}/Manifest.lock\" > /dev/null\nif [ $? != 0 ] ; then\n    # print error to STDERR\n    echo \"error: The sandbox is not in sync with the Podfile.lock. Run 'pod install' or update your CocoaPods installation.\" >&2\n    exit 1\nfi\n# This output is used by Xcode 'outputs' to avoid re-running this script phase.\necho \"SUCCESS\" > \"${SCRIPT_OUTPUT_FILE_0}\"\n";
			showEnvVarsInLog = 0;
		};
		D9EBCAA9215FE0AC0087AF93 /* SwiftLint */ = {
			isa = PBXShellScriptBuildPhase;
			buildActionMask = 2147483647;
			files = (
			);
			inputFileListPaths = (
			);
			inputPaths = (
			);
			name = SwiftLint;
			outputFileListPaths = (
			);
			outputPaths = (
			);
			runOnlyForDeploymentPostprocessing = 0;
			shellPath = /bin/sh;
			shellScript = "if which swiftlint >/dev/null; then\nswiftlint\nelse\necho \"warning: SwiftLint not installed, download from https://github.com/realm/SwiftLint\"\nfi\n";
		};
		F9337844523C58438AADB144 /* [CP] Copy Pods Resources */ = {
			isa = PBXShellScriptBuildPhase;
			buildActionMask = 2147483647;
			files = (
			);
			inputFileListPaths = (
			);
			inputPaths = (
				"${SRCROOT}/Pods/Target Support Files/Pods-WeatherApp-WeatherAppTests/Pods-WeatherApp-WeatherAppTests-resources.sh",
				"${PODS_ROOT}/GooglePlaces/Frameworks/GooglePlaces.framework/Resources/GooglePlaces.bundle",
			);
			name = "[CP] Copy Pods Resources";
			outputFileListPaths = (
			);
			outputPaths = (
				"${TARGET_BUILD_DIR}/${UNLOCALIZED_RESOURCES_FOLDER_PATH}/GooglePlaces.bundle",
			);
			runOnlyForDeploymentPostprocessing = 0;
			shellPath = /bin/sh;
			shellScript = "\"${SRCROOT}/Pods/Target Support Files/Pods-WeatherApp-WeatherAppTests/Pods-WeatherApp-WeatherAppTests-resources.sh\"\n";
			showEnvVarsInLog = 0;
		};
/* End PBXShellScriptBuildPhase section */

/* Begin PBXSourcesBuildPhase section */
		D9D305D6215E551200DE5FFB /* Sources */ = {
			isa = PBXSourcesBuildPhase;
			buildActionMask = 2147483647;
			files = (
				D9F0A334216232C700E17392 /* UIImageViewExtensions.swift in Sources */,
				D9EBCAB621613A3C0087AF93 /* CityDetailPresenter.swift in Sources */,
				D9D305DE215E551200DE5FFB /* AppDelegate.swift in Sources */,
				D9F0A3322162301800E17392 /* TableViewDataSourceExtensions.swift in Sources */,
				D9EBCAA5215FD8F70087AF93 /* UserDefaults.swift in Sources */,
				D9F0A3302162275100E17392 /* MainViewControllerExtensions.swift in Sources */,
				D9EBCAB02160364B0087AF93 /* CityWeather.swift in Sources */,
				D9F0A33721623E2300E17392 /* DayTableViewCell.swift in Sources */,
				D9EBCA9F215FD2A40087AF93 /* MainPresenter.swift in Sources */,
				D9EBCAB421613A260087AF93 /* CityDetailViewController.swift in Sources */,
				D9EBCAA2215FD7A00087AF93 /* TableViewDataSource.swift in Sources */,
				D9EBCAB22161352C0087AF93 /* CityForecast.swift in Sources */,
				D9EBCA9C215F91C00087AF93 /* MainViewController.swift in Sources */,
				D9F0A33F2162BE9300E17392 /* MainPresenterGoogleExtensions.swift in Sources */,
				D9EBCAAB215FFD920087AF93 /* OpenWeatherAPI.swift in Sources */,
			);
			runOnlyForDeploymentPostprocessing = 0;
		};
		D9D305EA215E551600DE5FFB /* Sources */ = {
			isa = PBXSourcesBuildPhase;
			buildActionMask = 2147483647;
			files = (
				D9EBCAA8215FDA410087AF93 /* UserDefaultsTests.swift in Sources */,
				D9D305F3215E551600DE5FFB /* MainPresenterTests.swift in Sources */,
				D9F0A3392162B03D00E17392 /* CityDetailPresenterTests.swift in Sources */,
			);
			runOnlyForDeploymentPostprocessing = 0;
		};
/* End PBXSourcesBuildPhase section */

/* Begin PBXTargetDependency section */
		D9D305F0215E551600DE5FFB /* PBXTargetDependency */ = {
			isa = PBXTargetDependency;
			target = D9D305D9215E551200DE5FFB /* WeatherApp */;
			targetProxy = D9D305EF215E551600DE5FFB /* PBXContainerItemProxy */;
		};
/* End PBXTargetDependency section */

/* Begin PBXVariantGroup section */
		D9D305E1215E551200DE5FFB /* Main.storyboard */ = {
			isa = PBXVariantGroup;
			children = (
				D9D305E2215E551200DE5FFB /* Base */,
			);
			name = Main.storyboard;
			sourceTree = "<group>";
		};
		D9D305E6215E551600DE5FFB /* LaunchScreen.storyboard */ = {
			isa = PBXVariantGroup;
			children = (
				D9D305E7215E551600DE5FFB /* Base */,
			);
			name = LaunchScreen.storyboard;
			sourceTree = "<group>";
		};
/* End PBXVariantGroup section */

/* Begin XCBuildConfiguration section */
		D9D305F5215E551600DE5FFB /* Debug */ = {
			isa = XCBuildConfiguration;
			buildSettings = {
				ALWAYS_SEARCH_USER_PATHS = NO;
				CLANG_ANALYZER_NONNULL = YES;
				CLANG_ANALYZER_NUMBER_OBJECT_CONVERSION = YES_AGGRESSIVE;
				CLANG_CXX_LANGUAGE_STANDARD = "gnu++14";
				CLANG_CXX_LIBRARY = "libc++";
				CLANG_ENABLE_MODULES = YES;
				CLANG_ENABLE_OBJC_ARC = YES;
				CLANG_ENABLE_OBJC_WEAK = YES;
				CLANG_WARN_BLOCK_CAPTURE_AUTORELEASING = YES;
				CLANG_WARN_BOOL_CONVERSION = YES;
				CLANG_WARN_COMMA = YES;
				CLANG_WARN_CONSTANT_CONVERSION = YES;
				CLANG_WARN_DEPRECATED_OBJC_IMPLEMENTATIONS = YES;
				CLANG_WARN_DIRECT_OBJC_ISA_USAGE = YES_ERROR;
				CLANG_WARN_DOCUMENTATION_COMMENTS = YES;
				CLANG_WARN_EMPTY_BODY = YES;
				CLANG_WARN_ENUM_CONVERSION = YES;
				CLANG_WARN_INFINITE_RECURSION = YES;
				CLANG_WARN_INT_CONVERSION = YES;
				CLANG_WARN_NON_LITERAL_NULL_CONVERSION = YES;
				CLANG_WARN_OBJC_IMPLICIT_RETAIN_SELF = YES;
				CLANG_WARN_OBJC_LITERAL_CONVERSION = YES;
				CLANG_WARN_OBJC_ROOT_CLASS = YES_ERROR;
				CLANG_WARN_RANGE_LOOP_ANALYSIS = YES;
				CLANG_WARN_STRICT_PROTOTYPES = YES;
				CLANG_WARN_SUSPICIOUS_MOVE = YES;
				CLANG_WARN_UNGUARDED_AVAILABILITY = YES_AGGRESSIVE;
				CLANG_WARN_UNREACHABLE_CODE = YES;
				CLANG_WARN__DUPLICATE_METHOD_MATCH = YES;
				CODE_SIGN_IDENTITY = "iPhone Developer";
				COPY_PHASE_STRIP = NO;
				DEBUG_INFORMATION_FORMAT = dwarf;
				ENABLE_STRICT_OBJC_MSGSEND = YES;
				ENABLE_TESTABILITY = YES;
				GCC_C_LANGUAGE_STANDARD = gnu11;
				GCC_DYNAMIC_NO_PIC = NO;
				GCC_NO_COMMON_BLOCKS = YES;
				GCC_OPTIMIZATION_LEVEL = 0;
				GCC_PREPROCESSOR_DEFINITIONS = (
					"DEBUG=1",
					"$(inherited)",
				);
				GCC_WARN_64_TO_32_BIT_CONVERSION = YES;
				GCC_WARN_ABOUT_RETURN_TYPE = YES_ERROR;
				GCC_WARN_UNDECLARED_SELECTOR = YES;
				GCC_WARN_UNINITIALIZED_AUTOS = YES_AGGRESSIVE;
				GCC_WARN_UNUSED_FUNCTION = YES;
				GCC_WARN_UNUSED_VARIABLE = YES;
				IPHONEOS_DEPLOYMENT_TARGET = 12.0;
				MTL_ENABLE_DEBUG_INFO = INCLUDE_SOURCE;
				MTL_FAST_MATH = YES;
				ONLY_ACTIVE_ARCH = YES;
				SDKROOT = iphoneos;
				SWIFT_ACTIVE_COMPILATION_CONDITIONS = DEBUG;
				SWIFT_OPTIMIZATION_LEVEL = "-Onone";
			};
			name = Debug;
		};
		D9D305F6215E551600DE5FFB /* Release */ = {
			isa = XCBuildConfiguration;
			buildSettings = {
				ALWAYS_SEARCH_USER_PATHS = NO;
				CLANG_ANALYZER_NONNULL = YES;
				CLANG_ANALYZER_NUMBER_OBJECT_CONVERSION = YES_AGGRESSIVE;
				CLANG_CXX_LANGUAGE_STANDARD = "gnu++14";
				CLANG_CXX_LIBRARY = "libc++";
				CLANG_ENABLE_MODULES = YES;
				CLANG_ENABLE_OBJC_ARC = YES;
				CLANG_ENABLE_OBJC_WEAK = YES;
				CLANG_WARN_BLOCK_CAPTURE_AUTORELEASING = YES;
				CLANG_WARN_BOOL_CONVERSION = YES;
				CLANG_WARN_COMMA = YES;
				CLANG_WARN_CONSTANT_CONVERSION = YES;
				CLANG_WARN_DEPRECATED_OBJC_IMPLEMENTATIONS = YES;
				CLANG_WARN_DIRECT_OBJC_ISA_USAGE = YES_ERROR;
				CLANG_WARN_DOCUMENTATION_COMMENTS = YES;
				CLANG_WARN_EMPTY_BODY = YES;
				CLANG_WARN_ENUM_CONVERSION = YES;
				CLANG_WARN_INFINITE_RECURSION = YES;
				CLANG_WARN_INT_CONVERSION = YES;
				CLANG_WARN_NON_LITERAL_NULL_CONVERSION = YES;
				CLANG_WARN_OBJC_IMPLICIT_RETAIN_SELF = YES;
				CLANG_WARN_OBJC_LITERAL_CONVERSION = YES;
				CLANG_WARN_OBJC_ROOT_CLASS = YES_ERROR;
				CLANG_WARN_RANGE_LOOP_ANALYSIS = YES;
				CLANG_WARN_STRICT_PROTOTYPES = YES;
				CLANG_WARN_SUSPICIOUS_MOVE = YES;
				CLANG_WARN_UNGUARDED_AVAILABILITY = YES_AGGRESSIVE;
				CLANG_WARN_UNREACHABLE_CODE = YES;
				CLANG_WARN__DUPLICATE_METHOD_MATCH = YES;
				CODE_SIGN_IDENTITY = "iPhone Developer";
				COPY_PHASE_STRIP = NO;
				DEBUG_INFORMATION_FORMAT = "dwarf-with-dsym";
				ENABLE_NS_ASSERTIONS = NO;
				ENABLE_STRICT_OBJC_MSGSEND = YES;
				GCC_C_LANGUAGE_STANDARD = gnu11;
				GCC_NO_COMMON_BLOCKS = YES;
				GCC_WARN_64_TO_32_BIT_CONVERSION = YES;
				GCC_WARN_ABOUT_RETURN_TYPE = YES_ERROR;
				GCC_WARN_UNDECLARED_SELECTOR = YES;
				GCC_WARN_UNINITIALIZED_AUTOS = YES_AGGRESSIVE;
				GCC_WARN_UNUSED_FUNCTION = YES;
				GCC_WARN_UNUSED_VARIABLE = YES;
				IPHONEOS_DEPLOYMENT_TARGET = 12.0;
				MTL_ENABLE_DEBUG_INFO = NO;
				MTL_FAST_MATH = YES;
				SDKROOT = iphoneos;
				SWIFT_COMPILATION_MODE = wholemodule;
				SWIFT_OPTIMIZATION_LEVEL = "-O";
				VALIDATE_PRODUCT = YES;
			};
			name = Release;
		};
		D9D305F8215E551600DE5FFB /* Debug */ = {
			isa = XCBuildConfiguration;
			baseConfigurationReference = 2286EFE72B349A156A74DDC1 /* Pods-WeatherApp.debug.xcconfig */;
			buildSettings = {
				ASSETCATALOG_COMPILER_APPICON_NAME = AppIcon;
				CODE_SIGN_STYLE = Automatic;
				DEVELOPMENT_TEAM = 6NX9CC2PVJ;
				INFOPLIST_FILE = WeatherApp/Info.plist;
				LD_RUNPATH_SEARCH_PATHS = (
					"$(inherited)",
					"@executable_path/Frameworks",
				);
				PRODUCT_BUNDLE_IDENTIFIER = com.alessioroberto.WeatherApp;
				PRODUCT_NAME = "$(TARGET_NAME)";
				SWIFT_VERSION = 4.2;
				TARGETED_DEVICE_FAMILY = 1;
			};
			name = Debug;
		};
		D9D305F9215E551600DE5FFB /* Release */ = {
			isa = XCBuildConfiguration;
			baseConfigurationReference = F9CD8323DC3D24F1B34F5582 /* Pods-WeatherApp.release.xcconfig */;
			buildSettings = {
				ASSETCATALOG_COMPILER_APPICON_NAME = AppIcon;
				CODE_SIGN_STYLE = Automatic;
				DEVELOPMENT_TEAM = 6NX9CC2PVJ;
				INFOPLIST_FILE = WeatherApp/Info.plist;
				LD_RUNPATH_SEARCH_PATHS = (
					"$(inherited)",
					"@executable_path/Frameworks",
				);
				PRODUCT_BUNDLE_IDENTIFIER = com.alessioroberto.WeatherApp;
				PRODUCT_NAME = "$(TARGET_NAME)";
				SWIFT_VERSION = 4.2;
				TARGETED_DEVICE_FAMILY = 1;
			};
			name = Release;
		};
		D9D305FB215E551600DE5FFB /* Debug */ = {
			isa = XCBuildConfiguration;
			baseConfigurationReference = B1D1CC23B613D42B96DE6AD1 /* Pods-WeatherApp-WeatherAppTests.debug.xcconfig */;
			buildSettings = {
				ALWAYS_EMBED_SWIFT_STANDARD_LIBRARIES = YES;
				BUNDLE_LOADER = "$(TEST_HOST)";
				CODE_SIGN_STYLE = Automatic;
				DEVELOPMENT_TEAM = GK5S624D99;
				INFOPLIST_FILE = WeatherAppTests/Info.plist;
				LD_RUNPATH_SEARCH_PATHS = (
					"$(inherited)",
					"@executable_path/Frameworks",
					"@loader_path/Frameworks",
				);
				PRODUCT_BUNDLE_IDENTIFIER = com.alessioroberto.WeatherAppTests;
				PRODUCT_NAME = "$(TARGET_NAME)";
				SWIFT_VERSION = 4.2;
				TARGETED_DEVICE_FAMILY = "1,2";
				TEST_HOST = "$(BUILT_PRODUCTS_DIR)/WeatherApp.app/WeatherApp";
			};
			name = Debug;
		};
		D9D305FC215E551600DE5FFB /* Release */ = {
			isa = XCBuildConfiguration;
			baseConfigurationReference = 48CF7BFA694701A80686B437 /* Pods-WeatherApp-WeatherAppTests.release.xcconfig */;
			buildSettings = {
				ALWAYS_EMBED_SWIFT_STANDARD_LIBRARIES = YES;
				BUNDLE_LOADER = "$(TEST_HOST)";
				CODE_SIGN_STYLE = Automatic;
				DEVELOPMENT_TEAM = GK5S624D99;
				INFOPLIST_FILE = WeatherAppTests/Info.plist;
				LD_RUNPATH_SEARCH_PATHS = (
					"$(inherited)",
					"@executable_path/Frameworks",
					"@loader_path/Frameworks",
				);
				PRODUCT_BUNDLE_IDENTIFIER = com.alessioroberto.WeatherAppTests;
				PRODUCT_NAME = "$(TARGET_NAME)";
				SWIFT_VERSION = 4.2;
				TARGETED_DEVICE_FAMILY = "1,2";
				TEST_HOST = "$(BUILT_PRODUCTS_DIR)/WeatherApp.app/WeatherApp";
			};
			name = Release;
		};
/* End XCBuildConfiguration section */

/* Begin XCConfigurationList section */
		D9D305D5215E551200DE5FFB /* Build configuration list for PBXProject "WeatherApp" */ = {
			isa = XCConfigurationList;
			buildConfigurations = (
				D9D305F5215E551600DE5FFB /* Debug */,
				D9D305F6215E551600DE5FFB /* Release */,
			);
			defaultConfigurationIsVisible = 0;
			defaultConfigurationName = Release;
		};
		D9D305F7215E551600DE5FFB /* Build configuration list for PBXNativeTarget "WeatherApp" */ = {
			isa = XCConfigurationList;
			buildConfigurations = (
				D9D305F8215E551600DE5FFB /* Debug */,
				D9D305F9215E551600DE5FFB /* Release */,
			);
			defaultConfigurationIsVisible = 0;
			defaultConfigurationName = Release;
		};
		D9D305FA215E551600DE5FFB /* Build configuration list for PBXNativeTarget "WeatherAppTests" */ = {
			isa = XCConfigurationList;
			buildConfigurations = (
				D9D305FB215E551600DE5FFB /* Debug */,
				D9D305FC215E551600DE5FFB /* Release */,
			);
			defaultConfigurationIsVisible = 0;
			defaultConfigurationName = Release;
		};
/* End XCConfigurationList section */
	};
	rootObject = D9D305D2215E551200DE5FFB /* Project object */;
}
